
Microsoft Visual Studio Solution File, Format Version 12.00
# Visual Studio Version 16
VisualStudioVersion = 16.0.29403.142
MinimumVisualStudioVersion = 10.0.40219.1
Project("{FAE04EC0-301F-11D3-BF4B-00C04F79EFBC}") = "2. Even Fibonacci numbers", "2. Even Fibonacci numbers\2. Even Fibonacci numbers.csproj", "{B013E8E0-A897-4F45-9F1D-AF14AADBB898}"
EndProject
Global
	GlobalSection(SolutionConfigurationPlatforms) = preSolution
		Debug|Any CPU = Debug|Any CPU
		Release|Any CPU = Release|Any CPU
	EndGlobalSection
	GlobalSection(ProjectConfigurationPlatforms) = postSolution
		{B013E8E0-A897-4F45-9F1D-AF14AADBB898}.Debug|Any CPU.ActiveCfg = Debug|Any CPU
		{B013E8E0-A897-4F45-9F1D-AF14AADBB898}.Debug|Any CPU.Build.0 = Debug|Any CPU
		{B013E8E0-A897-4F45-9F1D-AF14AADBB898}.Release|Any CPU.ActiveCfg = Release|Any CPU
		{B013E8E0-A897-4F45-9F1D-AF14AADBB898}.Release|Any CPU.Build.0 = Release|Any CPU
	EndGlobalSection
	GlobalSection(SolutionProperties) = preSolution
		HideSolutionNode = FALSE
	EndGlobalSection
	GlobalSection(ExtensibilityGlobals) = postSolution
		SolutionGuid = {11495E8A-2B38-4742-87F4-4E943EA9C337}
	EndGlobalSection
EndGlobal
